
Microsoft Visual Studio Solution File, Format Version 12.00
# Visual Studio Version 17
VisualStudioVersion = 17.4.33205.214
MinimumVisualStudioVersion = 10.0.40219.1
Project("{FAE04EC0-301F-11D3-BF4B-00C04F79EFBC}") = "grpcFileTransportServer", "grpcFileTransportServer\grpcFileTransportServer.csproj", "{14EC14E2-43C2-4E0A-AF8E-877D8EE96DA0}"
EndProject
Global
	GlobalSection(SolutionConfigurationPlatforms) = preSolution
		Debug|Any CPU = Debug|Any CPU
		Release|Any CPU = Release|Any CPU
	EndGlobalSection
	GlobalSection(ProjectConfigurationPlatforms) = postSolution
		{14EC14E2-43C2-4E0A-AF8E-877D8EE96DA0}.Debug|Any CPU.ActiveCfg = Debug|Any CPU
		{14EC14E2-43C2-4E0A-AF8E-877D8EE96DA0}.Debug|Any CPU.Build.0 = Debug|Any CPU
		{14EC14E2-43C2-4E0A-AF8E-877D8EE96DA0}.Release|Any CPU.ActiveCfg = Release|Any CPU
		{14EC14E2-43C2-4E0A-AF8E-877D8EE96DA0}.Release|Any CPU.Build.0 = Release|Any CPU
	EndGlobalSection
	GlobalSection(SolutionProperties) = preSolution
		HideSolutionNode = FALSE
	EndGlobalSection
	GlobalSection(ExtensibilityGlobals) = postSolution
		SolutionGuid = {6B1B1723-FF4B-4664-9797-17496100D784}
	EndGlobalSection
EndGlobal
